{
  "name": "maven-packages",
  "version": "1.0.0",
  "lockfileVersion": 3,
  "requires": true,
  "packages": {
    "": {
      "name": "maven-packages",
      "version": "1.0.0",
      "license": "ISC",
      "dependencies": {
        "ua-parser-js": "^0.7.30"
      }
    },
    "node_modules/ua-parser-js": {
      "version": "0.7.30",
      "resolved": "https://registry.npmjs.org/ua-parser-js/-/ua-parser-js-0.7.30.tgz",
      "integrity": "sha512-uXEtSresNUlXQ1QL4/3dQORcGv7+J2ookOG2ybA/ga9+HYEXueT2o+8dUJQkpedsyTyCJ6jCCirRcKtdtx1kbg==",
      "funding": [
        {
          "type": "opencollective",
          "url": "https://opencollective.com/ua-parser-js"
        },
        {
          "type": "paypal",
          "url": "https://paypal.me/faisalman"
        }
      ],
      "engines": {
        "node": "*"
      }
    }
  }
}
